
Microsoft Visual Studio Solution File, Format Version 12.00
# Visual Studio 15
VisualStudioVersion = 15.0.28307.329
MinimumVisualStudioVersion = 10.0.40219.1
Project("{FAE04EC0-301F-11D3-BF4B-00C04F79EFBC}") = "Gazaloglu.OnScreenKeyboard", "Keyboard\Gazaloglu.OnScreenKeyboard.csproj", "{DC7DF753-B29A-4CC2-A459-BEA0DD201524}"
EndProject
Project("{FAE04EC0-301F-11D3-BF4B-00C04F79EFBC}") = "Tester", "Tester\Tester.csproj", "{90FA1613-63A4-437B-92F4-3950B1F9A586}"
EndProject
Global
	GlobalSection(SolutionConfigurationPlatforms) = preSolution
		Debug|Any CPU = Debug|Any CPU
		Release|Any CPU = Release|Any CPU
	EndGlobalSection
	GlobalSection(ProjectConfigurationPlatforms) = postSolution
		{DC7DF753-B29A-4CC2-A459-BEA0DD201524}.Debug|Any CPU.ActiveCfg = Debug|Any CPU
		{DC7DF753-B29A-4CC2-A459-BEA0DD201524}.Debug|Any CPU.Build.0 = Debug|Any CPU
		{DC7DF753-B29A-4CC2-A459-BEA0DD201524}.Release|Any CPU.ActiveCfg = Release|Any CPU
		{DC7DF753-B29A-4CC2-A459-BEA0DD201524}.Release|Any CPU.Build.0 = Release|Any CPU
		{90FA1613-63A4-437B-92F4-3950B1F9A586}.Debug|Any CPU.ActiveCfg = Debug|Any CPU
		{90FA1613-63A4-437B-92F4-3950B1F9A586}.Debug|Any CPU.Build.0 = Debug|Any CPU
		{90FA1613-63A4-437B-92F4-3950B1F9A586}.Release|Any CPU.ActiveCfg = Release|Any CPU
		{90FA1613-63A4-437B-92F4-3950B1F9A586}.Release|Any CPU.Build.0 = Release|Any CPU
	EndGlobalSection
	GlobalSection(SolutionProperties) = preSolution
		HideSolutionNode = FALSE
	EndGlobalSection
	GlobalSection(ExtensibilityGlobals) = postSolution
		SolutionGuid = {0366DCA3-BEB7-4188-B612-2B8EE8866638}
	EndGlobalSection
EndGlobal
